
Microsoft Visual Studio Solution File, Format Version 12.00
# Visual Studio 15
Project("{FAE04EC0-301F-11D3-BF4B-00C04F79EFBC}") = "demo3.Android", "demo3.Android\demo3.Android.csproj", "{238B7AC0-50DA-4941-AABB-5C06186D8C7C}"
EndProject
Project("{FAE04EC0-301F-11D3-BF4B-00C04F79EFBC}") = "demo3.iOS", "demo3.iOS\demo3.iOS.csproj", "{57D22A69-6691-4814-B27E-38C096E97B55}"
EndProject
Project("{FAE04EC0-301F-11D3-BF4B-00C04F79EFBC}") = "demo3", "demo3\demo3.csproj", "{C2E6A212-DF61-473F-9763-CD2DE96E2363}"
EndProject
Global
	GlobalSection(SolutionConfigurationPlatforms) = preSolution
		Debug|Any CPU = Debug|Any CPU
		Release|Any CPU = Release|Any CPU
		Debug|iPhoneSimulator = Debug|iPhoneSimulator
		Release|iPhoneSimulator = Release|iPhoneSimulator
		Debug|iPhone = Debug|iPhone
		Release|iPhone = Release|iPhone
	EndGlobalSection
	GlobalSection(ProjectConfigurationPlatforms) = postSolution
		{238B7AC0-50DA-4941-AABB-5C06186D8C7C}.Debug|Any CPU.ActiveCfg = Debug|Any CPU
		{238B7AC0-50DA-4941-AABB-5C06186D8C7C}.Debug|Any CPU.Build.0 = Debug|Any CPU
		{238B7AC0-50DA-4941-AABB-5C06186D8C7C}.Release|Any CPU.ActiveCfg = Release|Any CPU
		{238B7AC0-50DA-4941-AABB-5C06186D8C7C}.Release|Any CPU.Build.0 = Release|Any CPU
		{238B7AC0-50DA-4941-AABB-5C06186D8C7C}.Debug|iPhoneSimulator.ActiveCfg = Debug|Any CPU
		{238B7AC0-50DA-4941-AABB-5C06186D8C7C}.Debug|iPhoneSimulator.Build.0 = Debug|Any CPU
		{238B7AC0-50DA-4941-AABB-5C06186D8C7C}.Release|iPhoneSimulator.ActiveCfg = Release|Any CPU
		{238B7AC0-50DA-4941-AABB-5C06186D8C7C}.Release|iPhoneSimulator.Build.0 = Release|Any CPU
		{238B7AC0-50DA-4941-AABB-5C06186D8C7C}.Debug|iPhone.ActiveCfg = Debug|Any CPU
		{238B7AC0-50DA-4941-AABB-5C06186D8C7C}.Debug|iPhone.Build.0 = Debug|Any CPU
		{238B7AC0-50DA-4941-AABB-5C06186D8C7C}.Release|iPhone.ActiveCfg = Release|Any CPU
		{238B7AC0-50DA-4941-AABB-5C06186D8C7C}.Release|iPhone.Build.0 = Release|Any CPU
		{57D22A69-6691-4814-B27E-38C096E97B55}.Debug|Any CPU.ActiveCfg = Debug|iPhoneSimulator
		{57D22A69-6691-4814-B27E-38C096E97B55}.Debug|Any CPU.Build.0 = Debug|iPhoneSimulator
		{57D22A69-6691-4814-B27E-38C096E97B55}.Release|Any CPU.ActiveCfg = Release|iPhoneSimulator
		{57D22A69-6691-4814-B27E-38C096E97B55}.Release|Any CPU.Build.0 = Release|iPhoneSimulator
		{57D22A69-6691-4814-B27E-38C096E97B55}.Debug|iPhoneSimulator.ActiveCfg = Debug|iPhoneSimulator
		{57D22A69-6691-4814-B27E-38C096E97B55}.Debug|iPhoneSimulator.Build.0 = Debug|iPhoneSimulator
		{57D22A69-6691-4814-B27E-38C096E97B55}.Release|iPhoneSimulator.ActiveCfg = Release|iPhoneSimulator
		{57D22A69-6691-4814-B27E-38C096E97B55}.Release|iPhoneSimulator.Build.0 = Release|iPhoneSimulator
		{57D22A69-6691-4814-B27E-38C096E97B55}.Debug|iPhone.ActiveCfg = Debug|iPhone
		{57D22A69-6691-4814-B27E-38C096E97B55}.Debug|iPhone.Build.0 = Debug|iPhone
		{57D22A69-6691-4814-B27E-38C096E97B55}.Release|iPhone.ActiveCfg = Release|iPhone
		{57D22A69-6691-4814-B27E-38C096E97B55}.Release|iPhone.Build.0 = Release|iPhone
		{C2E6A212-DF61-473F-9763-CD2DE96E2363}.Debug|Any CPU.ActiveCfg = Debug|Any CPU
		{C2E6A212-DF61-473F-9763-CD2DE96E2363}.Debug|Any CPU.Build.0 = Debug|Any CPU
		{C2E6A212-DF61-473F-9763-CD2DE96E2363}.Release|Any CPU.ActiveCfg = Release|Any CPU
		{C2E6A212-DF61-473F-9763-CD2DE96E2363}.Release|Any CPU.Build.0 = Release|Any CPU
		{C2E6A212-DF61-473F-9763-CD2DE96E2363}.Debug|iPhoneSimulator.ActiveCfg = Debug|Any CPU
		{C2E6A212-DF61-473F-9763-CD2DE96E2363}.Debug|iPhoneSimulator.Build.0 = Debug|Any CPU
		{C2E6A212-DF61-473F-9763-CD2DE96E2363}.Release|iPhoneSimulator.ActiveCfg = Release|Any CPU
		{C2E6A212-DF61-473F-9763-CD2DE96E2363}.Release|iPhoneSimulator.Build.0 = Release|Any CPU
		{C2E6A212-DF61-473F-9763-CD2DE96E2363}.Debug|iPhone.ActiveCfg = Debug|Any CPU
		{C2E6A212-DF61-473F-9763-CD2DE96E2363}.Debug|iPhone.Build.0 = Debug|Any CPU
		{C2E6A212-DF61-473F-9763-CD2DE96E2363}.Release|iPhone.ActiveCfg = Release|Any CPU
		{C2E6A212-DF61-473F-9763-CD2DE96E2363}.Release|iPhone.Build.0 = Release|Any CPU
	EndGlobalSection
EndGlobal
