// !$*UTF8*$!
{
	archiveVersion = 1;
	classes = {
	};
	objectVersion = 50;
	objects = {

/* Begin PBXBuildFile section */
		EFFADA0624068579005ECEDA /* AppDelegate.m in Sources */ = {isa = PBXBuildFile; fileRef = EFFADA0524068579005ECEDA /* AppDelegate.m */; };
		EFFADA0924068579005ECEDA /* SceneDelegate.m in Sources */ = {isa = PBXBuildFile; fileRef = EFFADA0824068579005ECEDA /* SceneDelegate.m */; };
		EFFADA0C24068579005ECEDA /* ViewController.m in Sources */ = {isa = PBXBuildFile; fileRef = EFFADA0B24068579005ECEDA /* ViewController.m */; };
		EFFADA0F24068579005ECEDA /* Main.storyboard in Resources */ = {isa = PBXBuildFile; fileRef = EFFADA0D24068579005ECEDA /* Main.storyboard */; };
		EFFADA112406857A005ECEDA /* Assets.xcassets in Resources */ = {isa = PBXBuildFile; fileRef = EFFADA102406857A005ECEDA /* Assets.xcassets */; };
		EFFADA142406857A005ECEDA /* LaunchScreen.storyboard in Resources */ = {isa = PBXBuildFile; fileRef = EFFADA122406857A005ECEDA /* LaunchScreen.storyboard */; };
		EFFADA172406857A005ECEDA /* main.m in Sources */ = {isa = PBXBuildFile; fileRef = EFFADA162406857A005ECEDA /* main.m */; };
		EFFADA212406857A005ECEDA /* SuperPi_ObjectiveCTests.m in Sources */ = {isa = PBXBuildFile; fileRef = EFFADA202406857A005ECEDA /* SuperPi_ObjectiveCTests.m */; };
		EFFADA2C2406857A005ECEDA /* SuperPi_ObjectiveCUITests.m in Sources */ = {isa = PBXBuildFile; fileRef = EFFADA2B2406857A005ECEDA /* SuperPi_ObjectiveCUITests.m */; };
/* End PBXBuildFile section */

/* Begin PBXContainerItemProxy section */
		EFFADA1D2406857A005ECEDA /* PBXContainerItemProxy */ = {
			isa = PBXContainerItemProxy;
			containerPortal = EFFAD9F924068579005ECEDA /* Project object */;
			proxyType = 1;
			remoteGlobalIDString = EFFADA0024068579005ECEDA;
			remoteInfo = SuperPi_ObjectiveC;
		};
		EFFADA282406857A005ECEDA /* PBXContainerItemProxy */ = {
			isa = PBXContainerItemProxy;
			containerPortal = EFFAD9F924068579005ECEDA /* Project object */;
			proxyType = 1;
			remoteGlobalIDString = EFFADA0024068579005ECEDA;
			remoteInfo = SuperPi_ObjectiveC;
		};
/* End PBXContainerItemProxy section */

/* Begin PBXFileReference section */
		EFFADA0124068579005ECEDA /* SuperPi_ObjectiveC.app */ = {isa = PBXFileReference; explicitFileType = wrapper.application; includeInIndex = 0; path = SuperPi_ObjectiveC.app; sourceTree = BUILT_PRODUCTS_DIR; };
		EFFADA0424068579005ECEDA /* AppDelegate.h */ = {isa = PBXFileReference; lastKnownFileType = sourcecode.c.h; path = AppDelegate.h; sourceTree = "<group>"; };
		EFFADA0524068579005ECEDA /* AppDelegate.m */ = {isa = PBXFileReference; lastKnownFileType = sourcecode.c.objc; path = AppDelegate.m; sourceTree = "<group>"; };
		EFFADA0724068579005ECEDA /* SceneDelegate.h */ = {isa = PBXFileReference; lastKnownFileType = sourcecode.c.h; path = SceneDelegate.h; sourceTree = "<group>"; };
		EFFADA0824068579005ECEDA /* SceneDelegate.m */ = {isa = PBXFileReference; lastKnownFileType = sourcecode.c.objc; path = SceneDelegate.m; sourceTree = "<group>"; };
		EFFADA0A24068579005ECEDA /* ViewController.h */ = {isa = PBXFileReference; lastKnownFileType = sourcecode.c.h; path = ViewController.h; sourceTree = "<group>"; };
		EFFADA0B24068579005ECEDA /* ViewController.m */ = {isa = PBXFileReference; lastKnownFileType = sourcecode.c.objc; path = ViewController.m; sourceTree = "<group>"; };
		EFFADA0E24068579005ECEDA /* Base */ = {isa = PBXFileReference; lastKnownFileType = file.storyboard; name = Base; path = Base.lproj/Main.storyboard; sourceTree = "<group>"; };
		EFFADA102406857A005ECEDA /* Assets.xcassets */ = {isa = PBXFileReference; lastKnownFileType = folder.assetcatalog; path = Assets.xcassets; sourceTree = "<group>"; };
		EFFADA132406857A005ECEDA /* Base */ = {isa = PBXFileReference; lastKnownFileType = file.storyboard; name = Base; path = Base.lproj/LaunchScreen.storyboard; sourceTree = "<group>"; };
		EFFADA152406857A005ECEDA /* Info.plist */ = {isa = PBXFileReference; lastKnownFileType = text.plist.xml; path = Info.plist; sourceTree = "<group>"; };
		EFFADA162406857A005ECEDA /* main.m */ = {isa = PBXFileReference; lastKnownFileType = sourcecode.c.objc; path = main.m; sourceTree = "<group>"; };
		EFFADA1C2406857A005ECEDA /* SuperPi_ObjectiveCTests.xctest */ = {isa = PBXFileReference; explicitFileType = wrapper.cfbundle; includeInIndex = 0; path = SuperPi_ObjectiveCTests.xctest; sourceTree = BUILT_PRODUCTS_DIR; };
		EFFADA202406857A005ECEDA /* SuperPi_ObjectiveCTests.m */ = {isa = PBXFileReference; lastKnownFileType = sourcecode.c.objc; path = SuperPi_ObjectiveCTests.m; sourceTree = "<group>"; };
		EFFADA222406857A005ECEDA /* Info.plist */ = {isa = PBXFileReference; lastKnownFileType = text.plist.xml; path = Info.plist; sourceTree = "<group>"; };
		EFFADA272406857A005ECEDA /* SuperPi_ObjectiveCUITests.xctest */ = {isa = PBXFileReference; explicitFileType = wrapper.cfbundle; includeInIndex = 0; path = SuperPi_ObjectiveCUITests.xctest; sourceTree = BUILT_PRODUCTS_DIR; };
		EFFADA2B2406857A005ECEDA /* SuperPi_ObjectiveCUITests.m */ = {isa = PBXFileReference; lastKnownFileType = sourcecode.c.objc; path = SuperPi_ObjectiveCUITests.m; sourceTree = "<group>"; };
		EFFADA2D2406857A005ECEDA /* Info.plist */ = {isa = PBXFileReference; lastKnownFileType = text.plist.xml; path = Info.plist; sourceTree = "<group>"; };
/* End PBXFileReference section */

/* Begin PBXFrameworksBuildPhase section */
		EFFAD9FE24068579005ECEDA /* Frameworks */ = {
			isa = PBXFrameworksBuildPhase;
			buildActionMask = 2147483647;
			files = (
			);
			runOnlyForDeploymentPostprocessing = 0;
		};
		EFFADA192406857A005ECEDA /* Frameworks */ = {
			isa = PBXFrameworksBuildPhase;
			buildActionMask = 2147483647;
			files = (
			);
			runOnlyForDeploymentPostprocessing = 0;
		};
		EFFADA242406857A005ECEDA /* Frameworks */ = {
			isa = PBXFrameworksBuildPhase;
			buildActionMask = 2147483647;
			files = (
			);
			runOnlyForDeploymentPostprocessing = 0;
		};
/* End PBXFrameworksBuildPhase section */

/* Begin PBXGroup section */
		EFFAD9F824068579005ECEDA = {
			isa = PBXGroup;
			children = (
				EFFADA0324068579005ECEDA /* SuperPi_ObjectiveC */,
				EFFADA1F2406857A005ECEDA /* SuperPi_ObjectiveCTests */,
				EFFADA2A2406857A005ECEDA /* SuperPi_ObjectiveCUITests */,
				EFFADA0224068579005ECEDA /* Products */,
			);
			sourceTree = "<group>";
		};
		EFFADA0224068579005ECEDA /* Products */ = {
			isa = PBXGroup;
			children = (
				EFFADA0124068579005ECEDA /* SuperPi_ObjectiveC.app */,
				EFFADA1C2406857A005ECEDA /* SuperPi_ObjectiveCTests.xctest */,
				EFFADA272406857A005ECEDA /* SuperPi_ObjectiveCUITests.xctest */,
			);
			name = Products;
			sourceTree = "<group>";
		};
		EFFADA0324068579005ECEDA /* SuperPi_ObjectiveC */ = {
			isa = PBXGroup;
			children = (
				EFFADA0424068579005ECEDA /* AppDelegate.h */,
				EFFADA0524068579005ECEDA /* AppDelegate.m */,
				EFFADA0724068579005ECEDA /* SceneDelegate.h */,
				EFFADA0824068579005ECEDA /* SceneDelegate.m */,
				EFFADA0A24068579005ECEDA /* ViewController.h */,
				EFFADA0B24068579005ECEDA /* ViewController.m */,
				EFFADA0D24068579005ECEDA /* Main.storyboard */,
				EFFADA102406857A005ECEDA /* Assets.xcassets */,
				EFFADA122406857A005ECEDA /* LaunchScreen.storyboard */,
				EFFADA152406857A005ECEDA /* Info.plist */,
				EFFADA162406857A005ECEDA /* main.m */,
			);
			path = SuperPi_ObjectiveC;
			sourceTree = "<group>";
		};
		EFFADA1F2406857A005ECEDA /* SuperPi_ObjectiveCTests */ = {
			isa = PBXGroup;
			children = (
				EFFADA202406857A005ECEDA /* SuperPi_ObjectiveCTests.m */,
				EFFADA222406857A005ECEDA /* Info.plist */,
			);
			path = SuperPi_ObjectiveCTests;
			sourceTree = "<group>";
		};
		EFFADA2A2406857A005ECEDA /* SuperPi_ObjectiveCUITests */ = {
			isa = PBXGroup;
			children = (
				EFFADA2B2406857A005ECEDA /* SuperPi_ObjectiveCUITests.m */,
				EFFADA2D2406857A005ECEDA /* Info.plist */,
			);
			path = SuperPi_ObjectiveCUITests;
			sourceTree = "<group>";
		};
/* End PBXGroup section */

/* Begin PBXNativeTarget section */
		EFFADA0024068579005ECEDA /* SuperPi_ObjectiveC */ = {
			isa = PBXNativeTarget;
			buildConfigurationList = EFFADA302406857A005ECEDA /* Build configuration list for PBXNativeTarget "SuperPi_ObjectiveC" */;
			buildPhases = (
				EFFAD9FD24068579005ECEDA /* Sources */,
				EFFAD9FE24068579005ECEDA /* Frameworks */,
				EFFAD9FF24068579005ECEDA /* Resources */,
			);
			buildRules = (
			);
			dependencies = (
			);
			name = SuperPi_ObjectiveC;
			productName = SuperPi_ObjectiveC;
			productReference = EFFADA0124068579005ECEDA /* SuperPi_ObjectiveC.app */;
			productType = "com.apple.product-type.application";
		};
		EFFADA1B2406857A005ECEDA /* SuperPi_ObjectiveCTests */ = {
			isa = PBXNativeTarget;
			buildConfigurationList = EFFADA332406857A005ECEDA /* Build configuration list for PBXNativeTarget "SuperPi_ObjectiveCTests" */;
			buildPhases = (
				EFFADA182406857A005ECEDA /* Sources */,
				EFFADA192406857A005ECEDA /* Frameworks */,
				EFFADA1A2406857A005ECEDA /* Resources */,
			);
			buildRules = (
			);
			dependencies = (
				EFFADA1E2406857A005ECEDA /* PBXTargetDependency */,
			);
			name = SuperPi_ObjectiveCTests;
			productName = SuperPi_ObjectiveCTests;
			productReference = EFFADA1C2406857A005ECEDA /* SuperPi_ObjectiveCTests.xctest */;
			productType = "com.apple.product-type.bundle.unit-test";
		};
		EFFADA262406857A005ECEDA /* SuperPi_ObjectiveCUITests */ = {
			isa = PBXNativeTarget;
			buildConfigurationList = EFFADA362406857A005ECEDA /* Build configuration list for PBXNativeTarget "SuperPi_ObjectiveCUITests" */;
			buildPhases = (
				EFFADA232406857A005ECEDA /* Sources */,
				EFFADA242406857A005ECEDA /* Frameworks */,
				EFFADA252406857A005ECEDA /* Resources */,
			);
			buildRules = (
			);
			dependencies = (
				EFFADA292406857A005ECEDA /* PBXTargetDependency */,
			);
			name = SuperPi_ObjectiveCUITests;
			productName = SuperPi_ObjectiveCUITests;
			productReference = EFFADA272406857A005ECEDA /* SuperPi_ObjectiveCUITests.xctest */;
			productType = "com.apple.product-type.bundle.ui-testing";
		};
/* End PBXNativeTarget section */

/* Begin PBXProject section */
		EFFAD9F924068579005ECEDA /* Project object */ = {
			isa = PBXProject;
			attributes = {
				LastUpgradeCheck = 1130;
				ORGANIZATIONNAME = ua.inveritasoft;
				TargetAttributes = {
					EFFADA0024068579005ECEDA = {
						CreatedOnToolsVersion = 11.3.1;
					};
					EFFADA1B2406857A005ECEDA = {
						CreatedOnToolsVersion = 11.3.1;
						TestTargetID = EFFADA0024068579005ECEDA;
					};
					EFFADA262406857A005ECEDA = {
						CreatedOnToolsVersion = 11.3.1;
						TestTargetID = EFFADA0024068579005ECEDA;
					};
				};
			};
			buildConfigurationList = EFFAD9FC24068579005ECEDA /* Build configuration list for PBXProject "SuperPi_ObjectiveC" */;
			compatibilityVersion = "Xcode 9.3";
			developmentRegion = en;
			hasScannedForEncodings = 0;
			knownRegions = (
				en,
				Base,
			);
			mainGroup = EFFAD9F824068579005ECEDA;
			productRefGroup = EFFADA0224068579005ECEDA /* Products */;
			projectDirPath = "";
			projectRoot = "";
			targets = (
				EFFADA0024068579005ECEDA /* SuperPi_ObjectiveC */,
				EFFADA1B2406857A005ECEDA /* SuperPi_ObjectiveCTests */,
				EFFADA262406857A005ECEDA /* SuperPi_ObjectiveCUITests */,
			);
		};
/* End PBXProject section */

/* Begin PBXResourcesBuildPhase section */
		EFFAD9FF24068579005ECEDA /* Resources */ = {
			isa = PBXResourcesBuildPhase;
			buildActionMask = 2147483647;
			files = (
				EFFADA142406857A005ECEDA /* LaunchScreen.storyboard in Resources */,
				EFFADA112406857A005ECEDA /* Assets.xcassets in Resources */,
				EFFADA0F24068579005ECEDA /* Main.storyboard in Resources */,
			);
			runOnlyForDeploymentPostprocessing = 0;
		};
		EFFADA1A2406857A005ECEDA /* Resources */ = {
			isa = PBXResourcesBuildPhase;
			buildActionMask = 2147483647;
			files = (
			);
			runOnlyForDeploymentPostprocessing = 0;
		};
		EFFADA252406857A005ECEDA /* Resources */ = {
			isa = PBXResourcesBuildPhase;
			buildActionMask = 2147483647;
			files = (
			);
			runOnlyForDeploymentPostprocessing = 0;
		};
/* End PBXResourcesBuildPhase section */

/* Begin PBXSourcesBuildPhase section */
		EFFAD9FD24068579005ECEDA /* Sources */ = {
			isa = PBXSourcesBuildPhase;
			buildActionMask = 2147483647;
			files = (
				EFFADA0C24068579005ECEDA /* ViewController.m in Sources */,
				EFFADA0624068579005ECEDA /* AppDelegate.m in Sources */,
				EFFADA172406857A005ECEDA /* main.m in Sources */,
				EFFADA0924068579005ECEDA /* SceneDelegate.m in Sources */,
			);
			runOnlyForDeploymentPostprocessing = 0;
		};
		EFFADA182406857A005ECEDA /* Sources */ = {
			isa = PBXSourcesBuildPhase;
			buildActionMask = 2147483647;
			files = (
				EFFADA212406857A005ECEDA /* SuperPi_ObjectiveCTests.m in Sources */,
			);
			runOnlyForDeploymentPostprocessing = 0;
		};
		EFFADA232406857A005ECEDA /* Sources */ = {
			isa = PBXSourcesBuildPhase;
			buildActionMask = 2147483647;
			files = (
				EFFADA2C2406857A005ECEDA /* SuperPi_ObjectiveCUITests.m in Sources */,
			);
			runOnlyForDeploymentPostprocessing = 0;
		};
/* End PBXSourcesBuildPhase section */

/* Begin PBXTargetDependency section */
		EFFADA1E2406857A005ECEDA /* PBXTargetDependency */ = {
			isa = PBXTargetDependency;
			target = EFFADA0024068579005ECEDA /* SuperPi_ObjectiveC */;
			targetProxy = EFFADA1D2406857A005ECEDA /* PBXContainerItemProxy */;
		};
		EFFADA292406857A005ECEDA /* PBXTargetDependency */ = {
			isa = PBXTargetDependency;
			target = EFFADA0024068579005ECEDA /* SuperPi_ObjectiveC */;
			targetProxy = EFFADA282406857A005ECEDA /* PBXContainerItemProxy */;
		};
/* End PBXTargetDependency section */

/* Begin PBXVariantGroup section */
		EFFADA0D24068579005ECEDA /* Main.storyboard */ = {
			isa = PBXVariantGroup;
			children = (
				EFFADA0E24068579005ECEDA /* Base */,
			);
			name = Main.storyboard;
			sourceTree = "<group>";
		};
		EFFADA122406857A005ECEDA /* LaunchScreen.storyboard */ = {
			isa = PBXVariantGroup;
			children = (
				EFFADA132406857A005ECEDA /* Base */,
			);
			name = LaunchScreen.storyboard;
			sourceTree = "<group>";
		};
/* End PBXVariantGroup section */

/* Begin XCBuildConfiguration section */
		EFFADA2E2406857A005ECEDA /* Debug */ = {
			isa = XCBuildConfiguration;
			buildSettings = {
				ALWAYS_SEARCH_USER_PATHS = NO;
				CLANG_ANALYZER_NONNULL = YES;
				CLANG_ANALYZER_NUMBER_OBJECT_CONVERSION = YES_AGGRESSIVE;
				CLANG_CXX_LANGUAGE_STANDARD = "gnu++14";
				CLANG_CXX_LIBRARY = "libc++";
				CLANG_ENABLE_MODULES = YES;
				CLANG_ENABLE_OBJC_ARC = YES;
				CLANG_ENABLE_OBJC_WEAK = YES;
				CLANG_WARN_BLOCK_CAPTURE_AUTORELEASING = YES;
				CLANG_WARN_BOOL_CONVERSION = YES;
				CLANG_WARN_COMMA = YES;
				CLANG_WARN_CONSTANT_CONVERSION = YES;
				CLANG_WARN_DEPRECATED_OBJC_IMPLEMENTATIONS = YES;
				CLANG_WARN_DIRECT_OBJC_ISA_USAGE = YES_ERROR;
				CLANG_WARN_DOCUMENTATION_COMMENTS = YES;
				CLANG_WARN_EMPTY_BODY = YES;
				CLANG_WARN_ENUM_CONVERSION = YES;
				CLANG_WARN_INFINITE_RECURSION = YES;
				CLANG_WARN_INT_CONVERSION = YES;
				CLANG_WARN_NON_LITERAL_NULL_CONVERSION = YES;
				CLANG_WARN_OBJC_IMPLICIT_RETAIN_SELF = YES;
				CLANG_WARN_OBJC_LITERAL_CONVERSION = YES;
				CLANG_WARN_OBJC_ROOT_CLASS = YES_ERROR;
				CLANG_WARN_RANGE_LOOP_ANALYSIS = YES;
				CLANG_WARN_STRICT_PROTOTYPES = YES;
				CLANG_WARN_SUSPICIOUS_MOVE = YES;
				CLANG_WARN_UNGUARDED_AVAILABILITY = YES_AGGRESSIVE;
				CLANG_WARN_UNREACHABLE_CODE = YES;
				CLANG_WARN__DUPLICATE_METHOD_MATCH = YES;
				COPY_PHASE_STRIP = NO;
				DEBUG_INFORMATION_FORMAT = dwarf;
				ENABLE_STRICT_OBJC_MSGSEND = YES;
				ENABLE_TESTABILITY = YES;
				GCC_C_LANGUAGE_STANDARD = gnu11;
				GCC_DYNAMIC_NO_PIC = NO;
				GCC_NO_COMMON_BLOCKS = YES;
				GCC_OPTIMIZATION_LEVEL = 0;
				GCC_PREPROCESSOR_DEFINITIONS = (
					"DEBUG=1",
					"$(inherited)",
				);
				GCC_WARN_64_TO_32_BIT_CONVERSION = YES;
				GCC_WARN_ABOUT_RETURN_TYPE = YES_ERROR;
				GCC_WARN_UNDECLARED_SELECTOR = YES;
				GCC_WARN_UNINITIALIZED_AUTOS = YES_AGGRESSIVE;
				GCC_WARN_UNUSED_FUNCTION = YES;
				GCC_WARN_UNUSED_VARIABLE = YES;
				IPHONEOS_DEPLOYMENT_TARGET = 13.2;
				MTL_ENABLE_DEBUG_INFO = INCLUDE_SOURCE;
				MTL_FAST_MATH = YES;
				ONLY_ACTIVE_ARCH = YES;
				SDKROOT = iphoneos;
			};
			name = Debug;
		};
		EFFADA2F2406857A005ECEDA /* Release */ = {
			isa = XCBuildConfiguration;
			buildSettings = {
				ALWAYS_SEARCH_USER_PATHS = NO;
				CLANG_ANALYZER_NONNULL = YES;
				CLANG_ANALYZER_NUMBER_OBJECT_CONVERSION = YES_AGGRESSIVE;
				CLANG_CXX_LANGUAGE_STANDARD = "gnu++14";
				CLANG_CXX_LIBRARY = "libc++";
				CLANG_ENABLE_MODULES = YES;
				CLANG_ENABLE_OBJC_ARC = YES;
				CLANG_ENABLE_OBJC_WEAK = YES;
				CLANG_WARN_BLOCK_CAPTURE_AUTORELEASING = YES;
				CLANG_WARN_BOOL_CONVERSION = YES;
				CLANG_WARN_COMMA = YES;
				CLANG_WARN_CONSTANT_CONVERSION = YES;
				CLANG_WARN_DEPRECATED_OBJC_IMPLEMENTATIONS = YES;
				CLANG_WARN_DIRECT_OBJC_ISA_USAGE = YES_ERROR;
				CLANG_WARN_DOCUMENTATION_COMMENTS = YES;
				CLANG_WARN_EMPTY_BODY = YES;
				CLANG_WARN_ENUM_CONVERSION = YES;
				CLANG_WARN_INFINITE_RECURSION = YES;
				CLANG_WARN_INT_CONVERSION = YES;
				CLANG_WARN_NON_LITERAL_NULL_CONVERSION = YES;
				CLANG_WARN_OBJC_IMPLICIT_RETAIN_SELF = YES;
				CLANG_WARN_OBJC_LITERAL_CONVERSION = YES;
				CLANG_WARN_OBJC_ROOT_CLASS = YES_ERROR;
				CLANG_WARN_RANGE_LOOP_ANALYSIS = YES;
				CLANG_WARN_STRICT_PROTOTYPES = YES;
				CLANG_WARN_SUSPICIOUS_MOVE = YES;
				CLANG_WARN_UNGUARDED_AVAILABILITY = YES_AGGRESSIVE;
				CLANG_WARN_UNREACHABLE_CODE = YES;
				CLANG_WARN__DUPLICATE_METHOD_MATCH = YES;
				COPY_PHASE_STRIP = NO;
				DEBUG_INFORMATION_FORMAT = "dwarf-with-dsym";
				ENABLE_NS_ASSERTIONS = NO;
				ENABLE_STRICT_OBJC_MSGSEND = YES;
				GCC_C_LANGUAGE_STANDARD = gnu11;
				GCC_NO_COMMON_BLOCKS = YES;
				GCC_WARN_64_TO_32_BIT_CONVERSION = YES;
				GCC_WARN_ABOUT_RETURN_TYPE = YES_ERROR;
				GCC_WARN_UNDECLARED_SELECTOR = YES;
				GCC_WARN_UNINITIALIZED_AUTOS = YES_AGGRESSIVE;
				GCC_WARN_UNUSED_FUNCTION = YES;
				GCC_WARN_UNUSED_VARIABLE = YES;
				IPHONEOS_DEPLOYMENT_TARGET = 13.2;
				MTL_ENABLE_DEBUG_INFO = NO;
				MTL_FAST_MATH = YES;
				SDKROOT = iphoneos;
				VALIDATE_PRODUCT = YES;
			};
			name = Release;
		};
		EFFADA312406857A005ECEDA /* Debug */ = {
			isa = XCBuildConfiguration;
			buildSettings = {
				ASSETCATALOG_COMPILER_APPICON_NAME = AppIcon;
				CODE_SIGN_STYLE = Automatic;
				DEVELOPMENT_TEAM = P4LFKFVQFY;
				INFOPLIST_FILE = SuperPi_ObjectiveC/Info.plist;
				LD_RUNPATH_SEARCH_PATHS = (
					"$(inherited)",
					"@executable_path/Frameworks",
				);
				PRODUCT_BUNDLE_IDENTIFIER = "ua.inveritasoft.SuperPi-ObjectiveC";
				PRODUCT_NAME = "$(TARGET_NAME)";
				TARGETED_DEVICE_FAMILY = "1,2";
			};
			name = Debug;
		};
		EFFADA322406857A005ECEDA /* Release */ = {
			isa = XCBuildConfiguration;
			buildSettings = {
				ASSETCATALOG_COMPILER_APPICON_NAME = AppIcon;
				CODE_SIGN_STYLE = Automatic;
				DEVELOPMENT_TEAM = P4LFKFVQFY;
				INFOPLIST_FILE = SuperPi_ObjectiveC/Info.plist;
				LD_RUNPATH_SEARCH_PATHS = (
					"$(inherited)",
					"@executable_path/Frameworks",
				);
				PRODUCT_BUNDLE_IDENTIFIER = "ua.inveritasoft.SuperPi-ObjectiveC";
				PRODUCT_NAME = "$(TARGET_NAME)";
				TARGETED_DEVICE_FAMILY = "1,2";
			};
			name = Release;
		};
		EFFADA342406857A005ECEDA /* Debug */ = {
			isa = XCBuildConfiguration;
			buildSettings = {
				BUNDLE_LOADER = "$(TEST_HOST)";
				CODE_SIGN_STYLE = Automatic;
				DEVELOPMENT_TEAM = P4LFKFVQFY;
				INFOPLIST_FILE = SuperPi_ObjectiveCTests/Info.plist;
				IPHONEOS_DEPLOYMENT_TARGET = 13.2;
				LD_RUNPATH_SEARCH_PATHS = (
					"$(inherited)",
					"@executable_path/Frameworks",
					"@loader_path/Frameworks",
				);
				PRODUCT_BUNDLE_IDENTIFIER = "ua.inveritasoft.SuperPi-ObjectiveCTests";
				PRODUCT_NAME = "$(TARGET_NAME)";
				TARGETED_DEVICE_FAMILY = "1,2";
				TEST_HOST = "$(BUILT_PRODUCTS_DIR)/SuperPi_ObjectiveC.app/SuperPi_ObjectiveC";
			};
			name = Debug;
		};
		EFFADA352406857A005ECEDA /* Release */ = {
			isa = XCBuildConfiguration;
			buildSettings = {
				BUNDLE_LOADER = "$(TEST_HOST)";
				CODE_SIGN_STYLE = Automatic;
				DEVELOPMENT_TEAM = P4LFKFVQFY;
				INFOPLIST_FILE = SuperPi_ObjectiveCTests/Info.plist;
				IPHONEOS_DEPLOYMENT_TARGET = 13.2;
				LD_RUNPATH_SEARCH_PATHS = (
					"$(inherited)",
					"@executable_path/Frameworks",
					"@loader_path/Frameworks",
				);
				PRODUCT_BUNDLE_IDENTIFIER = "ua.inveritasoft.SuperPi-ObjectiveCTests";
				PRODUCT_NAME = "$(TARGET_NAME)";
				TARGETED_DEVICE_FAMILY = "1,2";
				TEST_HOST = "$(BUILT_PRODUCTS_DIR)/SuperPi_ObjectiveC.app/SuperPi_ObjectiveC";
			};
			name = Release;
		};
		EFFADA372406857A005ECEDA /* Debug */ = {
			isa = XCBuildConfiguration;
			buildSettings = {
				CODE_SIGN_STYLE = Automatic;
				DEVELOPMENT_TEAM = P4LFKFVQFY;
				INFOPLIST_FILE = SuperPi_ObjectiveCUITests/Info.plist;
				LD_RUNPATH_SEARCH_PATHS = (
					"$(inherited)",
					"@executable_path/Frameworks",
					"@loader_path/Frameworks",
				);
				PRODUCT_BUNDLE_IDENTIFIER = "ua.inveritasoft.SuperPi-ObjectiveCUITests";
				PRODUCT_NAME = "$(TARGET_NAME)";
				TARGETED_DEVICE_FAMILY = "1,2";
				TEST_TARGET_NAME = SuperPi_ObjectiveC;
			};
			name = Debug;
		};
		EFFADA382406857A005ECEDA /* Release */ = {
			isa = XCBuildConfiguration;
			buildSettings = {
				CODE_SIGN_STYLE = Automatic;
				DEVELOPMENT_TEAM = P4LFKFVQFY;
				INFOPLIST_FILE = SuperPi_ObjectiveCUITests/Info.plist;
				LD_RUNPATH_SEARCH_PATHS = (
					"$(inherited)",
					"@executable_path/Frameworks",
					"@loader_path/Frameworks",
				);
				PRODUCT_BUNDLE_IDENTIFIER = "ua.inveritasoft.SuperPi-ObjectiveCUITests";
				PRODUCT_NAME = "$(TARGET_NAME)";
				TARGETED_DEVICE_FAMILY = "1,2";
				TEST_TARGET_NAME = SuperPi_ObjectiveC;
			};
			name = Release;
		};
/* End XCBuildConfiguration section */

/* Begin XCConfigurationList section */
		EFFAD9FC24068579005ECEDA /* Build configuration list for PBXProject "SuperPi_ObjectiveC" */ = {
			isa = XCConfigurationList;
			buildConfigurations = (
				EFFADA2E2406857A005ECEDA /* Debug */,
				EFFADA2F2406857A005ECEDA /* Release */,
			);
			defaultConfigurationIsVisible = 0;
			defaultConfigurationName = Release;
		};
		EFFADA302406857A005ECEDA /* Build configuration list for PBXNativeTarget "SuperPi_ObjectiveC" */ = {
			isa = XCConfigurationList;
			buildConfigurations = (
				EFFADA312406857A005ECEDA /* Debug */,
				EFFADA322406857A005ECEDA /* Release */,
			);
			defaultConfigurationIsVisible = 0;
			defaultConfigurationName = Release;
		};
		EFFADA332406857A005ECEDA /* Build configuration list for PBXNativeTarget "SuperPi_ObjectiveCTests" */ = {
			isa = XCConfigurationList;
			buildConfigurations = (
				EFFADA342406857A005ECEDA /* Debug */,
				EFFADA352406857A005ECEDA /* Release */,
			);
			defaultConfigurationIsVisible = 0;
			defaultConfigurationName = Release;
		};
		EFFADA362406857A005ECEDA /* Build configuration list for PBXNativeTarget "SuperPi_ObjectiveCUITests" */ = {
			isa = XCConfigurationList;
			buildConfigurations = (
				EFFADA372406857A005ECEDA /* Debug */,
				EFFADA382406857A005ECEDA /* Release */,
			);
			defaultConfigurationIsVisible = 0;
			defaultConfigurationName = Release;
		};
/* End XCConfigurationList section */
	};
	rootObject = EFFAD9F924068579005ECEDA /* Project object */;
}
